// !$*UTF8*$!
{
	archiveVersion = 1;
	classes = {
	};
	objectVersion = 77;
	objects = {

/* Begin PBXContainerItemProxy section */
		2F3DBD4C2D57E2A400C391F3 /* PBXContainerItemProxy */ = {
			isa = PBXContainerItemProxy;
			containerPortal = 2F3DBD2F2D57E2A200C391F3 /* Project object */;
			proxyType = 1;
			remoteGlobalIDString = 2F3DBD362D57E2A200C391F3;
			remoteInfo = BeFit;
		};
		2F3DBD562D57E2A400C391F3 /* PBXContainerItemProxy */ = {
			isa = PBXContainerItemProxy;
			containerPortal = 2F3DBD2F2D57E2A200C391F3 /* Project object */;
			proxyType = 1;
			remoteGlobalIDString = 2F3DBD362D57E2A200C391F3;
			remoteInfo = BeFit;
		};
/* End PBXContainerItemProxy section */

/* Begin PBXFileReference section */
		2F3DBD372D57E2A200C391F3 /* BeFit.app */ = {isa = PBXFileReference; explicitFileType = wrapper.application; includeInIndex = 0; path = BeFit.app; sourceTree = BUILT_PRODUCTS_DIR; };
		2F3DBD4B2D57E2A400C391F3 /* BeFitTests.xctest */ = {isa = PBXFileReference; explicitFileType = wrapper.cfbundle; includeInIndex = 0; path = BeFitTests.xctest; sourceTree = BUILT_PRODUCTS_DIR; };
		2F3DBD552D57E2A400C391F3 /* BeFitUITests.xctest */ = {isa = PBXFileReference; explicitFileType = wrapper.cfbundle; includeInIndex = 0; path = BeFitUITests.xctest; sourceTree = BUILT_PRODUCTS_DIR; };
/* End PBXFileReference section */

/* Begin PBXFileSystemSynchronizedBuildFileExceptionSet section */
		2F3DBD5D2D57E2A400C391F3 /* Exceptions for "BeFit" folder in "BeFit" target */ = {
			isa = PBXFileSystemSynchronizedBuildFileExceptionSet;
			membershipExceptions = (
				Info.plist,
			);
			target = 2F3DBD362D57E2A200C391F3 /* BeFit */;
		};
/* End PBXFileSystemSynchronizedBuildFileExceptionSet section */

/* Begin PBXFileSystemSynchronizedRootGroup section */
		2F3DBD392D57E2A200C391F3 /* BeFit */ = {
			isa = PBXFileSystemSynchronizedRootGroup;
			exceptions = (
				2F3DBD5D2D57E2A400C391F3 /* Exceptions for "BeFit" folder in "BeFit" target */,
			);
			path = BeFit;
			sourceTree = "<group>";
		};
		2F3DBD4E2D57E2A400C391F3 /* BeFitTests */ = {
			isa = PBXFileSystemSynchronizedRootGroup;
			path = BeFitTests;
			sourceTree = "<group>";
		};
		2F3DBD582D57E2A400C391F3 /* BeFitUITests */ = {
			isa = PBXFileSystemSynchronizedRootGroup;
			path = BeFitUITests;
			sourceTree = "<group>";
		};
/* End PBXFileSystemSynchronizedRootGroup section */

/* Begin PBXFrameworksBuildPhase section */
		2F3DBD342D57E2A200C391F3 /* Frameworks */ = {
			isa = PBXFrameworksBuildPhase;
			buildActionMask = 2147483647;
			files = (
			);
			runOnlyForDeploymentPostprocessing = 0;
		};
		2F3DBD482D57E2A400C391F3 /* Frameworks */ = {
			isa = PBXFrameworksBuildPhase;
			buildActionMask = 2147483647;
			files = (
			);
			runOnlyForDeploymentPostprocessing = 0;
		};
		2F3DBD522D57E2A400C391F3 /* Frameworks */ = {
			isa = PBXFrameworksBuildPhase;
			buildActionMask = 2147483647;
			files = (
			);
			runOnlyForDeploymentPostprocessing = 0;
		};
/* End PBXFrameworksBuildPhase section */

/* Begin PBXGroup section */
		2F3DBD2E2D57E2A200C391F3 = {
			isa = PBXGroup;
			children = (
				2F3DBD392D57E2A200C391F3 /* BeFit */,
				2F3DBD4E2D57E2A400C391F3 /* BeFitTests */,
				2F3DBD582D57E2A400C391F3 /* BeFitUITests */,
				2F3DBD382D57E2A200C391F3 /* Products */,
			);
			sourceTree = "<group>";
		};
		2F3DBD382D57E2A200C391F3 /* Products */ = {
			isa = PBXGroup;
			children = (
				2F3DBD372D57E2A200C391F3 /* BeFit.app */,
				2F3DBD4B2D57E2A400C391F3 /* BeFitTests.xctest */,
				2F3DBD552D57E2A400C391F3 /* BeFitUITests.xctest */,
			);
			name = Products;
			sourceTree = "<group>";
		};
/* End PBXGroup section */

/* Begin PBXNativeTarget section */
		2F3DBD362D57E2A200C391F3 /* BeFit */ = {
			isa = PBXNativeTarget;
			buildConfigurationList = 2F3DBD5E2D57E2A400C391F3 /* Build configuration list for PBXNativeTarget "BeFit" */;
			buildPhases = (
				2F3DBD332D57E2A200C391F3 /* Sources */,
				2F3DBD342D57E2A200C391F3 /* Frameworks */,
				2F3DBD352D57E2A200C391F3 /* Resources */,
			);
			buildRules = (
			);
			dependencies = (
			);
			fileSystemSynchronizedGroups = (
				2F3DBD392D57E2A200C391F3 /* BeFit */,
			);
			name = BeFit;
			packageProductDependencies = (
			);
			productName = BeFit;
			productReference = 2F3DBD372D57E2A200C391F3 /* BeFit.app */;
			productType = "com.apple.product-type.application";
		};
		2F3DBD4A2D57E2A400C391F3 /* BeFitTests */ = {
			isa = PBXNativeTarget;
			buildConfigurationList = 2F3DBD632D57E2A400C391F3 /* Build configuration list for PBXNativeTarget "BeFitTests" */;
			buildPhases = (
				2F3DBD472D57E2A400C391F3 /* Sources */,
				2F3DBD482D57E2A400C391F3 /* Frameworks */,
				2F3DBD492D57E2A400C391F3 /* Resources */,
			);
			buildRules = (
			);
			dependencies = (
				2F3DBD4D2D57E2A400C391F3 /* PBXTargetDependency */,
			);
			fileSystemSynchronizedGroups = (
				2F3DBD4E2D57E2A400C391F3 /* BeFitTests */,
			);
			name = BeFitTests;
			packageProductDependencies = (
			);
			productName = BeFitTests;
			productReference = 2F3DBD4B2D57E2A400C391F3 /* BeFitTests.xctest */;
			productType = "com.apple.product-type.bundle.unit-test";
		};
		2F3DBD542D57E2A400C391F3 /* BeFitUITests */ = {
			isa = PBXNativeTarget;
			buildConfigurationList = 2F3DBD662D57E2A400C391F3 /* Build configuration list for PBXNativeTarget "BeFitUITests" */;
			buildPhases = (
				2F3DBD512D57E2A400C391F3 /* Sources */,
				2F3DBD522D57E2A400C391F3 /* Frameworks */,
				2F3DBD532D57E2A400C391F3 /* Resources */,
			);
			buildRules = (
			);
			dependencies = (
				2F3DBD572D57E2A400C391F3 /* PBXTargetDependency */,
			);
			fileSystemSynchronizedGroups = (
				2F3DBD582D57E2A400C391F3 /* BeFitUITests */,
			);
			name = BeFitUITests;
			packageProductDependencies = (
			);
			productName = BeFitUITests;
			productReference = 2F3DBD552D57E2A400C391F3 /* BeFitUITests.xctest */;
			productType = "com.apple.product-type.bundle.ui-testing";
		};
/* End PBXNativeTarget section */

/* Begin PBXProject section */
		2F3DBD2F2D57E2A200C391F3 /* Project object */ = {
			isa = PBXProject;
			attributes = {
				BuildIndependentTargetsInParallel = 1;
				LastSwiftUpdateCheck = 1620;
				LastUpgradeCheck = 1620;
				TargetAttributes = {
					2F3DBD362D57E2A200C391F3 = {
						CreatedOnToolsVersion = 16.2;
					};
					2F3DBD4A2D57E2A400C391F3 = {
						CreatedOnToolsVersion = 16.2;
						TestTargetID = 2F3DBD362D57E2A200C391F3;
					};
					2F3DBD542D57E2A400C391F3 = {
						CreatedOnToolsVersion = 16.2;
						TestTargetID = 2F3DBD362D57E2A200C391F3;
					};
				};
			};
			buildConfigurationList = 2F3DBD322D57E2A200C391F3 /* Build configuration list for PBXProject "BeFit" */;
			developmentRegion = en;
			hasScannedForEncodings = 0;
			knownRegions = (
				en,
				Base,
			);
			mainGroup = 2F3DBD2E2D57E2A200C391F3;
			minimizedProjectReferenceProxies = 1;
			preferredProjectObjectVersion = 77;
			productRefGroup = 2F3DBD382D57E2A200C391F3 /* Products */;
			projectDirPath = "";
			projectRoot = "";
			targets = (
				2F3DBD362D57E2A200C391F3 /* BeFit */,
				2F3DBD4A2D57E2A400C391F3 /* BeFitTests */,
				2F3DBD542D57E2A400C391F3 /* BeFitUITests */,
			);
		};
/* End PBXProject section */

/* Begin PBXResourcesBuildPhase section */
		2F3DBD352D57E2A200C391F3 /* Resources */ = {
			isa = PBXResourcesBuildPhase;
			buildActionMask = 2147483647;
			files = (
			);
			runOnlyForDeploymentPostprocessing = 0;
		};
		2F3DBD492D57E2A400C391F3 /* Resources */ = {
			isa = PBXResourcesBuildPhase;
			buildActionMask = 2147483647;
			files = (
			);
			runOnlyForDeploymentPostprocessing = 0;
		};
		2F3DBD532D57E2A400C391F3 /* Resources */ = {
			isa = PBXResourcesBuildPhase;
			buildActionMask = 2147483647;
			files = (
			);
			runOnlyForDeploymentPostprocessing = 0;
		};
/* End PBXResourcesBuildPhase section */

/* Begin PBXSourcesBuildPhase section */
		2F3DBD332D57E2A200C391F3 /* Sources */ = {
			isa = PBXSourcesBuildPhase;
			buildActionMask = 2147483647;
			files = (
			);
			runOnlyForDeploymentPostprocessing = 0;
		};
		2F3DBD472D57E2A400C391F3 /* Sources */ = {
			isa = PBXSourcesBuildPhase;
			buildActionMask = 2147483647;
			files = (
			);
			runOnlyForDeploymentPostprocessing = 0;
		};
		2F3DBD512D57E2A400C391F3 /* Sources */ = {
			isa = PBXSourcesBuildPhase;
			buildActionMask = 2147483647;
			files = (
			);
			runOnlyForDeploymentPostprocessing = 0;
		};
/* End PBXSourcesBuildPhase section */

/* Begin PBXTargetDependency section */
		2F3DBD4D2D57E2A400C391F3 /* PBXTargetDependency */ = {
			isa = PBXTargetDependency;
			target = 2F3DBD362D57E2A200C391F3 /* BeFit */;
			targetProxy = 2F3DBD4C2D57E2A400C391F3 /* PBXContainerItemProxy */;
		};
		2F3DBD572D57E2A400C391F3 /* PBXTargetDependency */ = {
			isa = PBXTargetDependency;
			target = 2F3DBD362D57E2A200C391F3 /* BeFit */;
			targetProxy = 2F3DBD562D57E2A400C391F3 /* PBXContainerItemProxy */;
		};
/* End PBXTargetDependency section */

/* Begin XCBuildConfiguration section */
		2F3DBD5F2D57E2A400C391F3 /* Debug */ = {
			isa = XCBuildConfiguration;
			buildSettings = {
				ASSETCATALOG_COMPILER_APPICON_NAME = AppIcon;
				ASSETCATALOG_COMPILER_GLOBAL_ACCENT_COLOR_NAME = AccentColor;
				CODE_SIGN_ENTITLEMENTS = BeFit/BeFit.entitlements;
				CODE_SIGN_STYLE = Automatic;
				CURRENT_PROJECT_VERSION = 1;
				DEVELOPMENT_ASSET_PATHS = "\"BeFit/Preview Content\"";
				DEVELOPMENT_TEAM = T467FCPMY4;
				ENABLE_PREVIEWS = YES;
				GENERATE_INFOPLIST_FILE = YES;
				INFOPLIST_FILE = BeFit/Info.plist;
				INFOPLIST_KEY_UIApplicationSceneManifest_Generation = YES;
				INFOPLIST_KEY_UIApplicationSupportsIndirectInputEvents = YES;
				INFOPLIST_KEY_UILaunchScreen_Generation = YES;
				INFOPLIST_KEY_UISupportedInterfaceOrientations_iPad = "UIInterfaceOrientationPortrait UIInterfaceOrientationPortraitUpsideDown UIInterfaceOrientationLandscapeLeft UIInterfaceOrientationLandscapeRight";
				INFOPLIST_KEY_UISupportedInterfaceOrientations_iPhone = "UIInterfaceOrientationPortrait UIInterfaceOrientationLandscapeLeft UIInterfaceOrientationLandscapeRight";
				LD_RUNPATH_SEARCH_PATHS = (
					"$(inherited)",
					"@executable_path/Frameworks",
				);
				MARKETING_VERSION = 1.0;
				PRODUCT_BUNDLE_IDENTIFIER = com.rc.BeFit;
				PRODUCT_NAME = "$(TARGET_NAME)";
				SWIFT_EMIT_LOC_STRINGS = YES;
				SWIFT_VERSION = 5.0;
				TARGETED_DEVICE_FAMILY = "1,2";
			};
			name = Debug;
		};
		2F3DBD602D57E2A400C391F3 /* Release */ = {
			isa = XCBuildConfiguration;
			buildSettings = {
				ASSETCATALOG_COMPILER_APPICON_NAME = AppIcon;
				ASSETCATALOG_COMPILER_GLOBAL_ACCENT_COLOR_NAME = AccentColor;
				CODE_SIGN_ENTITLEMENTS = BeFit/BeFit.entitlements;
				CODE_SIGN_STYLE = Automatic;
				CURRENT_PROJECT_VERSION = 1;
				DEVELOPMENT_ASSET_PATHS = "\"BeFit/Preview Content\"";
				DEVELOPMENT_TEAM = T467FCPMY4;
				ENABLE_PREVIEWS = YES;
				GENERATE_INFOPLIST_FILE = YES;
				INFOPLIST_FILE = BeFit/Info.plist;
				INFOPLIST_KEY_UIApplicationSceneManifest_Generation = YES;
				INFOPLIST_KEY_UIApplicationSupportsIndirectInputEvents = YES;
				INFOPLIST_KEY_UILaunchScreen_Generation = YES;
				INFOPLIST_KEY_UISupportedInterfaceOrientations_iPad = "UIInterfaceOrientationPortrait UIInterfaceOrientationPortraitUpsideDown UIInterfaceOrientationLandscapeLeft UIInterfaceOrientationLandscapeRight";
				INFOPLIST_KEY_UISupportedInterfaceOrientations_iPhone = "UIInterfaceOrientationPortrait UIInterfaceOrientationLandscapeLeft UIInterfaceOrientationLandscapeRight";
				LD_RUNPATH_SEARCH_PATHS = (
					"$(inherited)",
					"@executable_path/Frameworks",
				);
				MARKETING_VERSION = 1.0;
				PRODUCT_BUNDLE_IDENTIFIER = com.rc.BeFit;
				PRODUCT_NAME = "$(TARGET_NAME)";
				SWIFT_EMIT_LOC_STRINGS = YES;
				SWIFT_VERSION = 5.0;
				TARGETED_DEVICE_FAMILY = "1,2";
			};
			name = Release;
		};
		2F3DBD612D57E2A400C391F3 /* Debug */ = {
			isa = XCBuildConfiguration;
			buildSettings = {
				ALWAYS_SEARCH_USER_PATHS = NO;
				ASSETCATALOG_COMPILER_GENERATE_SWIFT_ASSET_SYMBOL_EXTENSIONS = YES;
				CLANG_ANALYZER_NONNULL = YES;
				CLANG_ANALYZER_NUMBER_OBJECT_CONVERSION = YES_AGGRESSIVE;
				CLANG_CXX_LANGUAGE_STANDARD = "gnu++20";
				CLANG_ENABLE_MODULES = YES;
				CLANG_ENABLE_OBJC_ARC = YES;
				CLANG_ENABLE_OBJC_WEAK = YES;
				CLANG_WARN_BLOCK_CAPTURE_AUTORELEASING = YES;
				CLANG_WARN_BOOL_CONVERSION = YES;
				CLANG_WARN_COMMA = YES;
				CLANG_WARN_CONSTANT_CONVERSION = YES;
				CLANG_WARN_DEPRECATED_OBJC_IMPLEMENTATIONS = YES;
				CLANG_WARN_DIRECT_OBJC_ISA_USAGE = YES_ERROR;
				CLANG_WARN_DOCUMENTATION_COMMENTS = YES;
				CLANG_WARN_EMPTY_BODY = YES;
				CLANG_WARN_ENUM_CONVERSION = YES;
				CLANG_WARN_INFINITE_RECURSION = YES;
				CLANG_WARN_INT_CONVERSION = YES;
				CLANG_WARN_NON_LITERAL_NULL_CONVERSION = YES;
				CLANG_WARN_OBJC_IMPLICIT_RETAIN_SELF = YES;
				CLANG_WARN_OBJC_LITERAL_CONVERSION = YES;
				CLANG_WARN_OBJC_ROOT_CLASS = YES_ERROR;
				CLANG_WARN_QUOTED_INCLUDE_IN_FRAMEWORK_HEADER = YES;
				CLANG_WARN_RANGE_LOOP_ANALYSIS = YES;
				CLANG_WARN_STRICT_PROTOTYPES = YES;
				CLANG_WARN_SUSPICIOUS_MOVE = YES;
				CLANG_WARN_UNGUARDED_AVAILABILITY = YES_AGGRESSIVE;
				CLANG_WARN_UNREACHABLE_CODE = YES;
				CLANG_WARN__DUPLICATE_METHOD_MATCH = YES;
				COPY_PHASE_STRIP = NO;
				DEBUG_INFORMATION_FORMAT = dwarf;
				ENABLE_STRICT_OBJC_MSGSEND = YES;
				ENABLE_TESTABILITY = YES;
				ENABLE_USER_SCRIPT_SANDBOXING = YES;
				GCC_C_LANGUAGE_STANDARD = gnu17;
				GCC_DYNAMIC_NO_PIC = NO;
				GCC_NO_COMMON_BLOCKS = YES;
				GCC_OPTIMIZATION_LEVEL = 0;
				GCC_PREPROCESSOR_DEFINITIONS = (
					"DEBUG=1",
					"$(inherited)",
				);
				GCC_WARN_64_TO_32_BIT_CONVERSION = YES;
				GCC_WARN_ABOUT_RETURN_TYPE = YES_ERROR;
				GCC_WARN_UNDECLARED_SELECTOR = YES;
				GCC_WARN_UNINITIALIZED_AUTOS = YES_AGGRESSIVE;
				GCC_WARN_UNUSED_FUNCTION = YES;
				GCC_WARN_UNUSED_VARIABLE = YES;
				IPHONEOS_DEPLOYMENT_TARGET = 18.2;
				LOCALIZATION_PREFERS_STRING_CATALOGS = YES;
				MTL_ENABLE_DEBUG_INFO = INCLUDE_SOURCE;
				MTL_FAST_MATH = YES;
				ONLY_ACTIVE_ARCH = YES;
				SDKROOT = iphoneos;
				SWIFT_ACTIVE_COMPILATION_CONDITIONS = "DEBUG $(inherited)";
				SWIFT_OPTIMIZATION_LEVEL = "-Onone";
			};
			name = Debug;
		};
		2F3DBD622D57E2A400C391F3 /* Release */ = {
			isa = XCBuildConfiguration;
			buildSettings = {
				ALWAYS_SEARCH_USER_PATHS = NO;
				ASSETCATALOG_COMPILER_GENERATE_SWIFT_ASSET_SYMBOL_EXTENSIONS = YES;
				CLANG_ANALYZER_NONNULL = YES;
				CLANG_ANALYZER_NUMBER_OBJECT_CONVERSION = YES_AGGRESSIVE;
				CLANG_CXX_LANGUAGE_STANDARD = "gnu++20";
				CLANG_ENABLE_MODULES = YES;
				CLANG_ENABLE_OBJC_ARC = YES;
				CLANG_ENABLE_OBJC_WEAK = YES;
				CLANG_WARN_BLOCK_CAPTURE_AUTORELEASING = YES;
				CLANG_WARN_BOOL_CONVERSION = YES;
				CLANG_WARN_COMMA = YES;
				CLANG_WARN_CONSTANT_CONVERSION = YES;
				CLANG_WARN_DEPRECATED_OBJC_IMPLEMENTATIONS = YES;
				CLANG_WARN_DIRECT_OBJC_ISA_USAGE = YES_ERROR;
				CLANG_WARN_DOCUMENTATION_COMMENTS = YES;
				CLANG_WARN_EMPTY_BODY = YES;
				CLANG_WARN_ENUM_CONVERSION = YES;
				CLANG_WARN_INFINITE_RECURSION = YES;
				CLANG_WARN_INT_CONVERSION = YES;
				CLANG_WARN_NON_LITERAL_NULL_CONVERSION = YES;
				CLANG_WARN_OBJC_IMPLICIT_RETAIN_SELF = YES;
				CLANG_WARN_OBJC_LITERAL_CONVERSION = YES;
				CLANG_WARN_OBJC_ROOT_CLASS = YES_ERROR;
				CLANG_WARN_QUOTED_INCLUDE_IN_FRAMEWORK_HEADER = YES;
				CLANG_WARN_RANGE_LOOP_ANALYSIS = YES;
				CLANG_WARN_STRICT_PROTOTYPES = YES;
				CLANG_WARN_SUSPICIOUS_MOVE = YES;
				CLANG_WARN_UNGUARDED_AVAILABILITY = YES_AGGRESSIVE;
				CLANG_WARN_UNREACHABLE_CODE = YES;
				CLANG_WARN__DUPLICATE_METHOD_MATCH = YES;
				COPY_PHASE_STRIP = NO;
				DEBUG_INFORMATION_FORMAT = "dwarf-with-dsym";
				ENABLE_NS_ASSERTIONS = NO;
				ENABLE_STRICT_OBJC_MSGSEND = YES;
				ENABLE_USER_SCRIPT_SANDBOXING = YES;
				GCC_C_LANGUAGE_STANDARD = gnu17;
				GCC_NO_COMMON_BLOCKS = YES;
				GCC_WARN_64_TO_32_BIT_CONVERSION = YES;
				GCC_WARN_ABOUT_RETURN_TYPE = YES_ERROR;
				GCC_WARN_UNDECLARED_SELECTOR = YES;
				GCC_WARN_UNINITIALIZED_AUTOS = YES_AGGRESSIVE;
				GCC_WARN_UNUSED_FUNCTION = YES;
				GCC_WARN_UNUSED_VARIABLE = YES;
				IPHONEOS_DEPLOYMENT_TARGET = 18.2;
				LOCALIZATION_PREFERS_STRING_CATALOGS = YES;
				MTL_ENABLE_DEBUG_INFO = NO;
				MTL_FAST_MATH = YES;
				SDKROOT = iphoneos;
				SWIFT_COMPILATION_MODE = wholemodule;
				VALIDATE_PRODUCT = YES;
			};
			name = Release;
		};
		2F3DBD642D57E2A400C391F3 /* Debug */ = {
			isa = XCBuildConfiguration;
			buildSettings = {
				BUNDLE_LOADER = "$(TEST_HOST)";
				CODE_SIGN_STYLE = Automatic;
				CURRENT_PROJECT_VERSION = 1;
				DEVELOPMENT_TEAM = T467FCPMY4;
				GENERATE_INFOPLIST_FILE = YES;
				IPHONEOS_DEPLOYMENT_TARGET = 18.2;
				MARKETING_VERSION = 1.0;
				PRODUCT_BUNDLE_IDENTIFIER = com.rc.BeFitTests;
				PRODUCT_NAME = "$(TARGET_NAME)";
				SWIFT_EMIT_LOC_STRINGS = NO;
				SWIFT_VERSION = 5.0;
				TARGETED_DEVICE_FAMILY = "1,2";
				TEST_HOST = "$(BUILT_PRODUCTS_DIR)/BeFit.app/$(BUNDLE_EXECUTABLE_FOLDER_PATH)/BeFit";
			};
			name = Debug;
		};
		2F3DBD652D57E2A400C391F3 /* Release */ = {
			isa = XCBuildConfiguration;
			buildSettings = {
				BUNDLE_LOADER = "$(TEST_HOST)";
				CODE_SIGN_STYLE = Automatic;
				CURRENT_PROJECT_VERSION = 1;
				DEVELOPMENT_TEAM = T467FCPMY4;
				GENERATE_INFOPLIST_FILE = YES;
				IPHONEOS_DEPLOYMENT_TARGET = 18.2;
				MARKETING_VERSION = 1.0;
				PRODUCT_BUNDLE_IDENTIFIER = com.rc.BeFitTests;
				PRODUCT_NAME = "$(TARGET_NAME)";
				SWIFT_EMIT_LOC_STRINGS = NO;
				SWIFT_VERSION = 5.0;
				TARGETED_DEVICE_FAMILY = "1,2";
				TEST_HOST = "$(BUILT_PRODUCTS_DIR)/BeFit.app/$(BUNDLE_EXECUTABLE_FOLDER_PATH)/BeFit";
			};
			name = Release;
		};
		2F3DBD672D57E2A400C391F3 /* Debug */ = {
			isa = XCBuildConfiguration;
			buildSettings = {
				CODE_SIGN_STYLE = Automatic;
				CURRENT_PROJECT_VERSION = 1;
				DEVELOPMENT_TEAM = T467FCPMY4;
				GENERATE_INFOPLIST_FILE = YES;
				MARKETING_VERSION = 1.0;
				PRODUCT_BUNDLE_IDENTIFIER = com.rc.BeFitUITests;
				PRODUCT_NAME = "$(TARGET_NAME)";
				SWIFT_EMIT_LOC_STRINGS = NO;
				SWIFT_VERSION = 5.0;
				TARGETED_DEVICE_FAMILY = "1,2";
				TEST_TARGET_NAME = BeFit;
			};
			name = Debug;
		};
		2F3DBD682D57E2A400C391F3 /* Release */ = {
			isa = XCBuildConfiguration;
			buildSettings = {
				CODE_SIGN_STYLE = Automatic;
				CURRENT_PROJECT_VERSION = 1;
				DEVELOPMENT_TEAM = T467FCPMY4;
				GENERATE_INFOPLIST_FILE = YES;
				MARKETING_VERSION = 1.0;
				PRODUCT_BUNDLE_IDENTIFIER = com.rc.BeFitUITests;
				PRODUCT_NAME = "$(TARGET_NAME)";
				SWIFT_EMIT_LOC_STRINGS = NO;
				SWIFT_VERSION = 5.0;
				TARGETED_DEVICE_FAMILY = "1,2";
				TEST_TARGET_NAME = BeFit;
			};
			name = Release;
		};
/* End XCBuildConfiguration section */

/* Begin XCConfigurationList section */
		2F3DBD322D57E2A200C391F3 /* Build configuration list for PBXProject "BeFit" */ = {
			isa = XCConfigurationList;
			buildConfigurations = (
				2F3DBD612D57E2A400C391F3 /* Debug */,
				2F3DBD622D57E2A400C391F3 /* Release */,
			);
			defaultConfigurationIsVisible = 0;
			defaultConfigurationName = Release;
		};
		2F3DBD5E2D57E2A400C391F3 /* Build configuration list for PBXNativeTarget "BeFit" */ = {
			isa = XCConfigurationList;
			buildConfigurations = (
				2F3DBD5F2D57E2A400C391F3 /* Debug */,
				2F3DBD602D57E2A400C391F3 /* Release */,
			);
			defaultConfigurationIsVisible = 0;
			defaultConfigurationName = Release;
		};
		2F3DBD632D57E2A400C391F3 /* Build configuration list for PBXNativeTarget "BeFitTests" */ = {
			isa = XCConfigurationList;
			buildConfigurations = (
				2F3DBD642D57E2A400C391F3 /* Debug */,
				2F3DBD652D57E2A400C391F3 /* Release */,
			);
			defaultConfigurationIsVisible = 0;
			defaultConfigurationName = Release;
		};
		2F3DBD662D57E2A400C391F3 /* Build configuration list for PBXNativeTarget "BeFitUITests" */ = {
			isa = XCConfigurationList;
			buildConfigurations = (
				2F3DBD672D57E2A400C391F3 /* Debug */,
				2F3DBD682D57E2A400C391F3 /* Release */,
			);
			defaultConfigurationIsVisible = 0;
			defaultConfigurationName = Release;
		};
/* End XCConfigurationList section */
	};
	rootObject = 2F3DBD2F2D57E2A200C391F3 /* Project object */;
}
